{
    "_meta": {
        "hash": {
            "sha256": "b6d9e4a95bcb62207883a8f0ea52261650017e6c50b7aa01e112111a99fd298a"
        },
        "host-environment-markers": {
            "implementation_name": "cpython",
            "implementation_version": "3.6.2",
            "os_name": "posix",
            "platform_machine": "x86_64",
            "platform_python_implementation": "CPython",
            "platform_release": "16.7.0",
            "platform_system": "Darwin",
            "platform_version": "Darwin Kernel Version 16.7.0: Thu Jun 15 17:36:27 PDT 2017; root:xnu-3789.70.16~2/RELEASE_X86_64",
            "python_full_version": "3.6.2",
            "python_version": "3.6",
            "sys_platform": "darwin"
        },
        "pipfile-spec": 2,
        "requires": {
            "python_version": "2.7"
        },
        "sources": [
            {
                "url": "https://pypi.python.org/simple",
                "verify_ssl": true
            }
        ]
    },
    "default": {
        "certifi": {
            "hashes": [
                "sha256:54a07c09c586b0e4c619f02a5e94e36619da8e2b053e20f594348c0611803704",
                "sha256:40523d2efb60523e113b44602298f0960e900388cf3bb6043f645cf57ea9e3f5"
            ],
            "version": "==2017.7.27.1"
        },
        "chardet": {
            "hashes": [
                "sha256:fc323ffcaeaed0e0a02bf4d117757b98aed530d9ed4531e3e15460124c106691",
                "sha256:84ab92ed1c4d4f16916e05906b6b75a6c0fb5db821cc65e70cbd64a3e2a5eaae"
            ],
            "version": "==3.0.4"
        },
        "django": {
            "editable": true,
            "git": "https://github.com/django/django.git",
            "ref": "1.11.4"
        },
        "docopt": {
            "hashes": [
                "sha256:49b3a825280bd66b3aa83585ef59c4a8c82f2c8a522dbe754a8bc8d08c85c491"
            ],
            "version": "==0.6.2"
        },
        "et-xmlfile": {
            "hashes": [
                "sha256:614d9722d572f6246302c4491846d2c393c199cfa4edc9af593437691683335b"
            ],
            "version": "==1.0.1"
        },
        "idna": {
            "hashes": [
                "sha256:8c7309c718f94b3a625cb648ace320157ad16ff131ae0af362c9f21b80ef6ec4",
                "sha256:2c6a5de3089009e3da7c5dde64a141dbc8551d5b7f6cf4ed7c2568d0cc520a8f"
            ],
            "version": "==2.6"
        },
        "jdcal": {
            "hashes": [
                "sha256:b760160f8dc8cc51d17875c6b663fafe64be699e10ce34b6a95184b5aa0fdc9e"
            ],
            "version": "==1.3"
        },
        "odfpy": {
            "hashes": [
                "sha256:6db9bb1c9ea2d55d60e508a1318fd285442a8342b785704ea08598a260875a83",
                "sha256:6f8163f8464868cff9421a058f25566e41d73c8f7e849c021b86630941b44366"
            ],
            "version": "==1.3.5"
        },
        "openpyxl": {
            "hashes": [
                "sha256:ee7551efb70648fa8ee569c2b6a6dbbeff390cc94b321da5d508a573b90a4f17"
            ],
            "version": "==2.4.8"
        },
        "pysocks": {
            "hashes": [
                "sha256:18842328a4e6061f084cfba70f6950d9140ecf7418b3df7cef558ebb217bac8d",
                "sha256:d00329f27efa157db7efe3ca26fcd69033cd61f83822461ee3f8a353b48e33cf"
            ],
            "version": "==1.6.7"
        },
        "pyyaml": {
            "hashes": [
                "sha256:3262c96a1ca437e7e4763e2843746588a965426550f3797a79fca9c6199c431f",
                "sha256:16b20e970597e051997d90dc2cddc713a2876c47e3d92d59ee198700c5427736",
                "sha256:e863072cdf4c72eebf179342c94e6989c67185842d9997960b3e69290b2fa269",
                "sha256:bc6bced57f826ca7cb5125a10b23fd0f2fff3b7c4701d64c439a300ce665fff8",
                "sha256:c01b880ec30b5a6e6aa67b09a2fe3fb30473008c85cd6a67359a1b15ed6d83a4",
                "sha256:827dc04b8fa7d07c44de11fabbc888e627fa8293b695e0f99cb544fdfa1bf0d1",
                "sha256:592766c6303207a20efc445587778322d7f73b161bd994f227adaa341ba212ab",
                "sha256:5f84523c076ad14ff5e6c037fe1c89a7f73a3e04cf0377cb4d017014976433f3",
                "sha256:0c507b7f74b3d2dd4d1322ec8a94794927305ab4cebbe89cc47fe5e81541e6e8",
                "sha256:b4c423ab23291d3945ac61346feeb9a0dc4184999ede5e7c43e1ffb975130ae6",
                "sha256:ca233c64c6e40eaa6c66ef97058cdc80e8d0157a443655baa1b2966e812807ca",
                "sha256:4474f8ea030b5127225b8894d626bb66c01cda098d47a2b0d3429b6700af9fd8",
                "sha256:326420cbb492172dec84b0f65c80942de6cedb5233c413dd824483989c000608",
                "sha256:5ac82e411044fb129bae5cfbeb3ba626acb2af31a8d17d175004b70862a741a7"
            ],
            "version": "==3.12"
        },
        "records": {
            "hashes": [
                "sha256:6d060a2b44ecc198d4e86efd5dab8558a2581b4019970bd8839e1604a243f57e",
                "sha256:238cba35e8efbb724493bbb195bd027d9e78db4a978597969a7af0f722ac3686"
            ],
            "version": "==0.5.2"
        },
        "requests": {
            "hashes": [
                "sha256:6a1b267aa90cac58ac3a765d067950e7dbbf75b1da07e895d1f594193a40a38b",
                "sha256:9c443e7324ba5b85070c4a818ade28bfabedf16ea10206da1132edaa6dda237e"
            ],
            "version": "==2.18.4"
        },
        "sqlalchemy": {
            "hashes": [
                "sha256:f1191e29e35b6fe1aef7175a09b1707ebb7bd08d0b17cb0feada76c49e5a2d1e"
            ],
            "version": "==1.1.14"
        },
        "tablib": {
            "hashes": [
                "sha256:b8cf50a61d66655229993f2ee29220553fb2c80403479f8e6de77c0c24649d87"
            ],
            "version": "==0.12.1"
        },
        "unicodecsv": {
            "hashes": [
                "sha256:018c08037d48649a0412063ff4eda26eaa81eff1546dbffa51fa5293276ff7fc"
            ],
            "version": "==0.14.1"
        },
        "urllib3": {
            "hashes": [
                "sha256:06330f386d6e4b195fbfc736b297f58c5a892e4440e54d294d7004e3a9bbea1b",
                "sha256:cc44da8e1145637334317feebd728bd869a35285b93cbb4cca2577da7e62db4f"
            ],
            "version": "==1.22"
        },
        "xlrd": {
            "hashes": [
                "sha256:83a1d2f1091078fb3f65876753b5302c5cfb6a41de64b9587b74cefa75157148",
                "sha256:8a21885513e6d915fe33a8ee5fdfa675433b61405ba13e2a69e62ee36828d7e2"
            ],
            "version": "==1.1.0"
        },
        "xlwt": {
            "hashes": [
                "sha256:a082260524678ba48a297d922cc385f58278b8aa68741596a87de01a9c628b2e",
                "sha256:c59912717a9b28f1a3c2a98fd60741014b06b043936dcecbc113eaaada156c88"
            ],
            "version": "==1.3.0"
        }
    },
    "develop": {
        "nose": {
            "version": "==1.3.7"
        }
    }
}
